
Microsoft Visual Studio Solution File, Format Version 12.00
# Visual Studio Version 16
VisualStudioVersion = 25.0.1700.0
MinimumVisualStudioVersion = 10.0.40219.1
Project("{FAE04EC0-301F-11D3-BF4B-00C04F79EFBC}") = "CookShop", "CookShop\CookShop.csproj", "{935BC445-7ECB-4506-A541-7724D915601B}"
EndProject
Global
	GlobalSection(SolutionConfigurationPlatforms) = preSolution
		Debug|Any CPU = Debug|Any CPU
		Release|Any CPU = Release|Any CPU
	EndGlobalSection
	GlobalSection(ProjectConfigurationPlatforms) = postSolution
		{935BC445-7ECB-4506-A541-7724D915601B}.Debug|Any CPU.ActiveCfg = Debug|Any CPU
		{935BC445-7ECB-4506-A541-7724D915601B}.Debug|Any CPU.Build.0 = Debug|Any CPU
		{935BC445-7ECB-4506-A541-7724D915601B}.Release|Any CPU.ActiveCfg = Release|Any CPU
		{935BC445-7ECB-4506-A541-7724D915601B}.Release|Any CPU.Build.0 = Release|Any CPU
	EndGlobalSection
	GlobalSection(SolutionProperties) = preSolution
		HideSolutionNode = FALSE
	EndGlobalSection
	GlobalSection(ExtensibilityGlobals) = postSolution
		SolutionGuid = {5FF76EA4-FA0C-4FF8-BC25-3DBF4FC50F98}
	EndGlobalSection
EndGlobal
